
Microsoft Visual Studio Solution File, Format Version 12.00
# Visual Studio Version 16
VisualStudioVersion = 16.0.30310.162
MinimumVisualStudioVersion = 10.0.40219.1
Project("{FAE04EC0-301F-11D3-BF4B-00C04F79EFBC}") = "TrainingOnAzureWebApp", "TrainingOnAzureWebApp.csproj", "{5B540B8B-836C-4C02-A991-D61C7B05662C}"
EndProject
Project("{FAE04EC0-301F-11D3-BF4B-00C04F79EFBC}") = "AuthRepository", "..\AuthRepository\AuthRepository.csproj", "{DACBBB97-0508-4F82-BD9E-83FD9391345B}"
EndProject
Global
	GlobalSection(SolutionConfigurationPlatforms) = preSolution
		Debug|Any CPU = Debug|Any CPU
		Release|Any CPU = Release|Any CPU
	EndGlobalSection
	GlobalSection(ProjectConfigurationPlatforms) = postSolution
		{5B540B8B-836C-4C02-A991-D61C7B05662C}.Debug|Any CPU.ActiveCfg = Debug|Any CPU
		{5B540B8B-836C-4C02-A991-D61C7B05662C}.Debug|Any CPU.Build.0 = Debug|Any CPU
		{5B540B8B-836C-4C02-A991-D61C7B05662C}.Release|Any CPU.ActiveCfg = Release|Any CPU
		{5B540B8B-836C-4C02-A991-D61C7B05662C}.Release|Any CPU.Build.0 = Release|Any CPU
		{DACBBB97-0508-4F82-BD9E-83FD9391345B}.Debug|Any CPU.ActiveCfg = Debug|Any CPU
		{DACBBB97-0508-4F82-BD9E-83FD9391345B}.Debug|Any CPU.Build.0 = Debug|Any CPU
		{DACBBB97-0508-4F82-BD9E-83FD9391345B}.Release|Any CPU.ActiveCfg = Release|Any CPU
		{DACBBB97-0508-4F82-BD9E-83FD9391345B}.Release|Any CPU.Build.0 = Release|Any CPU
	EndGlobalSection
	GlobalSection(SolutionProperties) = preSolution
		HideSolutionNode = FALSE
	EndGlobalSection
	GlobalSection(ExtensibilityGlobals) = postSolution
		SolutionGuid = {A2AAE6FC-47DA-44B1-81BB-3171DBFEAAAA}
	EndGlobalSection
EndGlobal
